// !$*UTF8*$!
{
	archiveVersion = 1;
	classes = {
	};
	objectVersion = 51;
	objects = {

/* Begin PBXBuildFile section */
		1A28D6F409016B73E561CD8C /* Pods_NearBy.framework in Frameworks */ = {isa = PBXBuildFile; fileRef = 110CFBACCF2D254EAFF17C81 /* Pods_NearBy.framework */; };
		C53AAC6F2464556200773F2E /* AppDelegate.swift in Sources */ = {isa = PBXBuildFile; fileRef = C53AAC6E2464556200773F2E /* AppDelegate.swift */; };
		C53AAC712464556200773F2E /* SceneDelegate.swift in Sources */ = {isa = PBXBuildFile; fileRef = C53AAC702464556200773F2E /* SceneDelegate.swift */; };
		C53AAC762464556200773F2E /* Main.storyboard in Resources */ = {isa = PBXBuildFile; fileRef = C53AAC742464556200773F2E /* Main.storyboard */; };
		C53AAC782464556300773F2E /* Assets.xcassets in Resources */ = {isa = PBXBuildFile; fileRef = C53AAC772464556300773F2E /* Assets.xcassets */; };
		C53AAC7B2464556300773F2E /* LaunchScreen.storyboard in Resources */ = {isa = PBXBuildFile; fileRef = C53AAC792464556300773F2E /* LaunchScreen.storyboard */; };
		C53AAC85246490B400773F2E /* HomeViewController.swift in Sources */ = {isa = PBXBuildFile; fileRef = C53AAC84246490B400773F2E /* HomeViewController.swift */; };
		C5471EF42464CE4F001AAA6F /* Constants.swift in Sources */ = {isa = PBXBuildFile; fileRef = C5471EF32464CE4F001AAA6F /* Constants.swift */; };
		C55CEC612464D3A70095CCCE /* APICient.swift in Sources */ = {isa = PBXBuildFile; fileRef = C55CEC602464D3A70095CCCE /* APICient.swift */; };
		C55CEC632464D9810095CCCE /* APIRouter.swift in Sources */ = {isa = PBXBuildFile; fileRef = C55CEC622464D9810095CCCE /* APIRouter.swift */; };
		C55CEC6624660B8C0095CCCE /* Venue.swift in Sources */ = {isa = PBXBuildFile; fileRef = C55CEC6524660B8C0095CCCE /* Venue.swift */; };
		C55CEC682466569B0095CCCE /* VenueTableViewCell.swift in Sources */ = {isa = PBXBuildFile; fileRef = C55CEC672466569A0095CCCE /* VenueTableViewCell.swift */; };
		C55CEC6B2466FFEC0095CCCE /* Extentions.swift in Sources */ = {isa = PBXBuildFile; fileRef = C55CEC6A2466FFEC0095CCCE /* Extentions.swift */; };
		C55CEC6D246ACD0B0095CCCE /* SettingsHelper.swift in Sources */ = {isa = PBXBuildFile; fileRef = C55CEC6C246ACD0B0095CCCE /* SettingsHelper.swift */; };
/* End PBXBuildFile section */

/* Begin PBXFileReference section */
		110CFBACCF2D254EAFF17C81 /* Pods_NearBy.framework */ = {isa = PBXFileReference; explicitFileType = wrapper.framework; includeInIndex = 0; path = Pods_NearBy.framework; sourceTree = BUILT_PRODUCTS_DIR; };
		B6C8DE7A279C392D04445548 /* Pods-NearBy.debug.xcconfig */ = {isa = PBXFileReference; includeInIndex = 1; lastKnownFileType = text.xcconfig; name = "Pods-NearBy.debug.xcconfig"; path = "Target Support Files/Pods-NearBy/Pods-NearBy.debug.xcconfig"; sourceTree = "<group>"; };
		B8ECFF7FF29452348722C846 /* Pods-NearBy.release.xcconfig */ = {isa = PBXFileReference; includeInIndex = 1; lastKnownFileType = text.xcconfig; name = "Pods-NearBy.release.xcconfig"; path = "Target Support Files/Pods-NearBy/Pods-NearBy.release.xcconfig"; sourceTree = "<group>"; };
		C53AAC6B2464556200773F2E /* NearBy.app */ = {isa = PBXFileReference; explicitFileType = wrapper.application; includeInIndex = 0; path = NearBy.app; sourceTree = BUILT_PRODUCTS_DIR; };
		C53AAC6E2464556200773F2E /* AppDelegate.swift */ = {isa = PBXFileReference; lastKnownFileType = sourcecode.swift; path = AppDelegate.swift; sourceTree = "<group>"; };
		C53AAC702464556200773F2E /* SceneDelegate.swift */ = {isa = PBXFileReference; lastKnownFileType = sourcecode.swift; path = SceneDelegate.swift; sourceTree = "<group>"; };
		C53AAC752464556200773F2E /* Base */ = {isa = PBXFileReference; lastKnownFileType = file.storyboard; name = Base; path = Base.lproj/Main.storyboard; sourceTree = "<group>"; };
		C53AAC772464556300773F2E /* Assets.xcassets */ = {isa = PBXFileReference; lastKnownFileType = folder.assetcatalog; path = Assets.xcassets; sourceTree = "<group>"; };
		C53AAC7A2464556300773F2E /* Base */ = {isa = PBXFileReference; lastKnownFileType = file.storyboard; name = Base; path = Base.lproj/LaunchScreen.storyboard; sourceTree = "<group>"; };
		C53AAC7C2464556300773F2E /* Info.plist */ = {isa = PBXFileReference; lastKnownFileType = text.plist.xml; path = Info.plist; sourceTree = "<group>"; };
		C53AAC84246490B400773F2E /* HomeViewController.swift */ = {isa = PBXFileReference; lastKnownFileType = sourcecode.swift; path = HomeViewController.swift; sourceTree = "<group>"; };
		C5471EF32464CE4F001AAA6F /* Constants.swift */ = {isa = PBXFileReference; lastKnownFileType = sourcecode.swift; path = Constants.swift; sourceTree = "<group>"; };
		C55CEC602464D3A70095CCCE /* APICient.swift */ = {isa = PBXFileReference; lastKnownFileType = sourcecode.swift; path = APICient.swift; sourceTree = "<group>"; };
		C55CEC622464D9810095CCCE /* APIRouter.swift */ = {isa = PBXFileReference; lastKnownFileType = sourcecode.swift; path = APIRouter.swift; sourceTree = "<group>"; };
		C55CEC6524660B8C0095CCCE /* Venue.swift */ = {isa = PBXFileReference; lastKnownFileType = sourcecode.swift; path = Venue.swift; sourceTree = "<group>"; };
		C55CEC672466569A0095CCCE /* VenueTableViewCell.swift */ = {isa = PBXFileReference; lastKnownFileType = sourcecode.swift; path = VenueTableViewCell.swift; sourceTree = "<group>"; };
		C55CEC6A2466FFEC0095CCCE /* Extentions.swift */ = {isa = PBXFileReference; lastKnownFileType = sourcecode.swift; path = Extentions.swift; sourceTree = "<group>"; };
		C55CEC6C246ACD0B0095CCCE /* SettingsHelper.swift */ = {isa = PBXFileReference; lastKnownFileType = sourcecode.swift; path = SettingsHelper.swift; sourceTree = "<group>"; };
/* End PBXFileReference section */

/* Begin PBXFrameworksBuildPhase section */
		C53AAC682464556200773F2E /* Frameworks */ = {
			isa = PBXFrameworksBuildPhase;
			buildActionMask = 2147483647;
			files = (
				1A28D6F409016B73E561CD8C /* Pods_NearBy.framework in Frameworks */,
			);
			runOnlyForDeploymentPostprocessing = 0;
		};
/* End PBXFrameworksBuildPhase section */

/* Begin PBXGroup section */
		44BB1B6A5EAA566CC0D573A9 /* Frameworks */ = {
			isa = PBXGroup;
			children = (
				110CFBACCF2D254EAFF17C81 /* Pods_NearBy.framework */,
			);
			name = Frameworks;
			sourceTree = "<group>";
		};
		C53AAC622464556200773F2E = {
			isa = PBXGroup;
			children = (
				C53AAC6D2464556200773F2E /* NearBy */,
				C53AAC6C2464556200773F2E /* Products */,
				EDF4DB48F9BB93C4D75C8F31 /* Pods */,
				44BB1B6A5EAA566CC0D573A9 /* Frameworks */,
			);
			sourceTree = "<group>";
		};
		C53AAC6C2464556200773F2E /* Products */ = {
			isa = PBXGroup;
			children = (
				C53AAC6B2464556200773F2E /* NearBy.app */,
			);
			name = Products;
			sourceTree = "<group>";
		};
		C53AAC6D2464556200773F2E /* NearBy */ = {
			isa = PBXGroup;
			children = (
				C55CEC692466FFD20095CCCE /* Helper */,
				C55CEC6424660AD40095CCCE /* Model */,
				C5471EF02464CDE1001AAA6F /* View */,
				C5471EF12464CDF7001AAA6F /* Controllers */,
				C5471EF22464CE29001AAA6F /* API */,
				C53AAC6E2464556200773F2E /* AppDelegate.swift */,
				C53AAC702464556200773F2E /* SceneDelegate.swift */,
				C53AAC772464556300773F2E /* Assets.xcassets */,
				C53AAC7C2464556300773F2E /* Info.plist */,
			);
			path = NearBy;
			sourceTree = "<group>";
		};
		C5471EF02464CDE1001AAA6F /* View */ = {
			isa = PBXGroup;
			children = (
				C53AAC742464556200773F2E /* Main.storyboard */,
				C53AAC792464556300773F2E /* LaunchScreen.storyboard */,
			);
			path = View;
			sourceTree = "<group>";
		};
		C5471EF12464CDF7001AAA6F /* Controllers */ = {
			isa = PBXGroup;
			children = (
				C53AAC84246490B400773F2E /* HomeViewController.swift */,
				C55CEC672466569A0095CCCE /* VenueTableViewCell.swift */,
			);
			path = Controllers;
			sourceTree = "<group>";
		};
		C5471EF22464CE29001AAA6F /* API */ = {
			isa = PBXGroup;
			children = (
				C55CEC622464D9810095CCCE /* APIRouter.swift */,
				C55CEC602464D3A70095CCCE /* APICient.swift */,
				C5471EF32464CE4F001AAA6F /* Constants.swift */,
			);
			path = API;
			sourceTree = "<group>";
		};
		C55CEC6424660AD40095CCCE /* Model */ = {
			isa = PBXGroup;
			children = (
				C55CEC6524660B8C0095CCCE /* Venue.swift */,
			);
			path = Model;
			sourceTree = "<group>";
		};
		C55CEC692466FFD20095CCCE /* Helper */ = {
			isa = PBXGroup;
			children = (
				C55CEC6A2466FFEC0095CCCE /* Extentions.swift */,
				C55CEC6C246ACD0B0095CCCE /* SettingsHelper.swift */,
			);
			path = Helper;
			sourceTree = "<group>";
		};
		EDF4DB48F9BB93C4D75C8F31 /* Pods */ = {
			isa = PBXGroup;
			children = (
				B6C8DE7A279C392D04445548 /* Pods-NearBy.debug.xcconfig */,
				B8ECFF7FF29452348722C846 /* Pods-NearBy.release.xcconfig */,
			);
			path = Pods;
			sourceTree = "<group>";
		};
/* End PBXGroup section */

/* Begin PBXNativeTarget section */
		C53AAC6A2464556200773F2E /* NearBy */ = {
			isa = PBXNativeTarget;
			buildConfigurationList = C53AAC7F2464556300773F2E /* Build configuration list for PBXNativeTarget "NearBy" */;
			buildPhases = (
				5D538F68ADD13E221C6D8AFE /* [CP] Check Pods Manifest.lock */,
				C53AAC672464556200773F2E /* Sources */,
				C53AAC682464556200773F2E /* Frameworks */,
				C53AAC692464556200773F2E /* Resources */,
				6C4945FA2B6871844CAC6928 /* [CP] Embed Pods Frameworks */,
			);
			buildRules = (
			);
			dependencies = (
			);
			name = NearBy;
			productName = NearBy;
			productReference = C53AAC6B2464556200773F2E /* NearBy.app */;
			productType = "com.apple.product-type.application";
		};
/* End PBXNativeTarget section */

/* Begin PBXProject section */
		C53AAC632464556200773F2E /* Project object */ = {
			isa = PBXProject;
			attributes = {
				LastSwiftUpdateCheck = 1140;
				LastUpgradeCheck = 1140;
				ORGANIZATIONNAME = "mohammed abdulla kadib";
				TargetAttributes = {
					C53AAC6A2464556200773F2E = {
						CreatedOnToolsVersion = 11.4.1;
					};
				};
			};
			buildConfigurationList = C53AAC662464556200773F2E /* Build configuration list for PBXProject "NearBy" */;
			compatibilityVersion = "Xcode 9.3";
			developmentRegion = en;
			hasScannedForEncodings = 0;
			knownRegions = (
				en,
				Base,
			);
			mainGroup = C53AAC622464556200773F2E;
			productRefGroup = C53AAC6C2464556200773F2E /* Products */;
			projectDirPath = "";
			projectRoot = "";
			targets = (
				C53AAC6A2464556200773F2E /* NearBy */,
			);
		};
/* End PBXProject section */

/* Begin PBXResourcesBuildPhase section */
		C53AAC692464556200773F2E /* Resources */ = {
			isa = PBXResourcesBuildPhase;
			buildActionMask = 2147483647;
			files = (
				C53AAC7B2464556300773F2E /* LaunchScreen.storyboard in Resources */,
				C53AAC782464556300773F2E /* Assets.xcassets in Resources */,
				C53AAC762464556200773F2E /* Main.storyboard in Resources */,
			);
			runOnlyForDeploymentPostprocessing = 0;
		};
/* End PBXResourcesBuildPhase section */

/* Begin PBXShellScriptBuildPhase section */
		5D538F68ADD13E221C6D8AFE /* [CP] Check Pods Manifest.lock */ = {
			isa = PBXShellScriptBuildPhase;
			buildActionMask = 2147483647;
			files = (
			);
			inputFileListPaths = (
			);
			inputPaths = (
				"${PODS_PODFILE_DIR_PATH}/Podfile.lock",
				"${PODS_ROOT}/Manifest.lock",
			);
			name = "[CP] Check Pods Manifest.lock";
			outputFileListPaths = (
			);
			outputPaths = (
				"$(DERIVED_FILE_DIR)/Pods-NearBy-checkManifestLockResult.txt",
			);
			runOnlyForDeploymentPostprocessing = 0;
			shellPath = /bin/sh;
			shellScript = "diff \"${PODS_PODFILE_DIR_PATH}/Podfile.lock\" \"${PODS_ROOT}/Manifest.lock\" > /dev/null\nif [ $? != 0 ] ; then\n    # print error to STDERR\n    echo \"error: The sandbox is not in sync with the Podfile.lock. Run 'pod install' or update your CocoaPods installation.\" >&2\n    exit 1\nfi\n# This output is used by Xcode 'outputs' to avoid re-running this script phase.\necho \"SUCCESS\" > \"${SCRIPT_OUTPUT_FILE_0}\"\n";
			showEnvVarsInLog = 0;
		};
		6C4945FA2B6871844CAC6928 /* [CP] Embed Pods Frameworks */ = {
			isa = PBXShellScriptBuildPhase;
			buildActionMask = 2147483647;
			files = (
			);
			inputFileListPaths = (
				"${PODS_ROOT}/Target Support Files/Pods-NearBy/Pods-NearBy-frameworks-${CONFIGURATION}-input-files.xcfilelist",
			);
			name = "[CP] Embed Pods Frameworks";
			outputFileListPaths = (
				"${PODS_ROOT}/Target Support Files/Pods-NearBy/Pods-NearBy-frameworks-${CONFIGURATION}-output-files.xcfilelist",
			);
			runOnlyForDeploymentPostprocessing = 0;
			shellPath = /bin/sh;
			shellScript = "\"${PODS_ROOT}/Target Support Files/Pods-NearBy/Pods-NearBy-frameworks.sh\"\n";
			showEnvVarsInLog = 0;
		};
/* End PBXShellScriptBuildPhase section */

/* Begin PBXSourcesBuildPhase section */
		C53AAC672464556200773F2E /* Sources */ = {
			isa = PBXSourcesBuildPhase;
			buildActionMask = 2147483647;
			files = (
				C55CEC612464D3A70095CCCE /* APICient.swift in Sources */,
				C55CEC682466569B0095CCCE /* VenueTableViewCell.swift in Sources */,
				C55CEC632464D9810095CCCE /* APIRouter.swift in Sources */,
				C53AAC6F2464556200773F2E /* AppDelegate.swift in Sources */,
				C53AAC712464556200773F2E /* SceneDelegate.swift in Sources */,
				C53AAC85246490B400773F2E /* HomeViewController.swift in Sources */,
				C55CEC6D246ACD0B0095CCCE /* SettingsHelper.swift in Sources */,
				C55CEC6624660B8C0095CCCE /* Venue.swift in Sources */,
				C5471EF42464CE4F001AAA6F /* Constants.swift in Sources */,
				C55CEC6B2466FFEC0095CCCE /* Extentions.swift in Sources */,
			);
			runOnlyForDeploymentPostprocessing = 0;
		};
/* End PBXSourcesBuildPhase section */

/* Begin PBXVariantGroup section */
		C53AAC742464556200773F2E /* Main.storyboard */ = {
			isa = PBXVariantGroup;
			children = (
				C53AAC752464556200773F2E /* Base */,
			);
			name = Main.storyboard;
			sourceTree = "<group>";
		};
		C53AAC792464556300773F2E /* LaunchScreen.storyboard */ = {
			isa = PBXVariantGroup;
			children = (
				C53AAC7A2464556300773F2E /* Base */,
			);
			name = LaunchScreen.storyboard;
			sourceTree = "<group>";
		};
/* End PBXVariantGroup section */

/* Begin XCBuildConfiguration section */
		C53AAC7D2464556300773F2E /* Debug */ = {
			isa = XCBuildConfiguration;
			buildSettings = {
				ALWAYS_SEARCH_USER_PATHS = NO;
				CLANG_ANALYZER_NONNULL = YES;
				CLANG_ANALYZER_NUMBER_OBJECT_CONVERSION = YES_AGGRESSIVE;
				CLANG_CXX_LANGUAGE_STANDARD = "gnu++14";
				CLANG_CXX_LIBRARY = "libc++";
				CLANG_ENABLE_MODULES = YES;
				CLANG_ENABLE_OBJC_ARC = YES;
				CLANG_ENABLE_OBJC_WEAK = YES;
				CLANG_WARN_BLOCK_CAPTURE_AUTORELEASING = YES;
				CLANG_WARN_BOOL_CONVERSION = YES;
				CLANG_WARN_COMMA = YES;
				CLANG_WARN_CONSTANT_CONVERSION = YES;
				CLANG_WARN_DEPRECATED_OBJC_IMPLEMENTATIONS = YES;
				CLANG_WARN_DIRECT_OBJC_ISA_USAGE = YES_ERROR;
				CLANG_WARN_DOCUMENTATION_COMMENTS = YES;
				CLANG_WARN_EMPTY_BODY = YES;
				CLANG_WARN_ENUM_CONVERSION = YES;
				CLANG_WARN_INFINITE_RECURSION = YES;
				CLANG_WARN_INT_CONVERSION = YES;
				CLANG_WARN_NON_LITERAL_NULL_CONVERSION = YES;
				CLANG_WARN_OBJC_IMPLICIT_RETAIN_SELF = YES;
				CLANG_WARN_OBJC_LITERAL_CONVERSION = YES;
				CLANG_WARN_OBJC_ROOT_CLASS = YES_ERROR;
				CLANG_WARN_RANGE_LOOP_ANALYSIS = YES;
				CLANG_WARN_STRICT_PROTOTYPES = YES;
				CLANG_WARN_SUSPICIOUS_MOVE = YES;
				CLANG_WARN_UNGUARDED_AVAILABILITY = YES_AGGRESSIVE;
				CLANG_WARN_UNREACHABLE_CODE = YES;
				CLANG_WARN__DUPLICATE_METHOD_MATCH = YES;
				COPY_PHASE_STRIP = NO;
				DEBUG_INFORMATION_FORMAT = dwarf;
				ENABLE_STRICT_OBJC_MSGSEND = YES;
				ENABLE_TESTABILITY = YES;
				GCC_C_LANGUAGE_STANDARD = gnu11;
				GCC_DYNAMIC_NO_PIC = NO;
				GCC_NO_COMMON_BLOCKS = YES;
				GCC_OPTIMIZATION_LEVEL = 0;
				GCC_PREPROCESSOR_DEFINITIONS = (
					"DEBUG=1",
					"$(inherited)",
				);
				GCC_WARN_64_TO_32_BIT_CONVERSION = YES;
				GCC_WARN_ABOUT_RETURN_TYPE = YES_ERROR;
				GCC_WARN_UNDECLARED_SELECTOR = YES;
				GCC_WARN_UNINITIALIZED_AUTOS = YES_AGGRESSIVE;
				GCC_WARN_UNUSED_FUNCTION = YES;
				GCC_WARN_UNUSED_VARIABLE = YES;
				IPHONEOS_DEPLOYMENT_TARGET = 13.4;
				MTL_ENABLE_DEBUG_INFO = INCLUDE_SOURCE;
				MTL_FAST_MATH = YES;
				ONLY_ACTIVE_ARCH = YES;
				SDKROOT = iphoneos;
				SWIFT_ACTIVE_COMPILATION_CONDITIONS = DEBUG;
				SWIFT_OPTIMIZATION_LEVEL = "-Onone";
			};
			name = Debug;
		};
		C53AAC7E2464556300773F2E /* Release */ = {
			isa = XCBuildConfiguration;
			buildSettings = {
				ALWAYS_SEARCH_USER_PATHS = NO;
				CLANG_ANALYZER_NONNULL = YES;
				CLANG_ANALYZER_NUMBER_OBJECT_CONVERSION = YES_AGGRESSIVE;
				CLANG_CXX_LANGUAGE_STANDARD = "gnu++14";
				CLANG_CXX_LIBRARY = "libc++";
				CLANG_ENABLE_MODULES = YES;
				CLANG_ENABLE_OBJC_ARC = YES;
				CLANG_ENABLE_OBJC_WEAK = YES;
				CLANG_WARN_BLOCK_CAPTURE_AUTORELEASING = YES;
				CLANG_WARN_BOOL_CONVERSION = YES;
				CLANG_WARN_COMMA = YES;
				CLANG_WARN_CONSTANT_CONVERSION = YES;
				CLANG_WARN_DEPRECATED_OBJC_IMPLEMENTATIONS = YES;
				CLANG_WARN_DIRECT_OBJC_ISA_USAGE = YES_ERROR;
				CLANG_WARN_DOCUMENTATION_COMMENTS = YES;
				CLANG_WARN_EMPTY_BODY = YES;
				CLANG_WARN_ENUM_CONVERSION = YES;
				CLANG_WARN_INFINITE_RECURSION = YES;
				CLANG_WARN_INT_CONVERSION = YES;
				CLANG_WARN_NON_LITERAL_NULL_CONVERSION = YES;
				CLANG_WARN_OBJC_IMPLICIT_RETAIN_SELF = YES;
				CLANG_WARN_OBJC_LITERAL_CONVERSION = YES;
				CLANG_WARN_OBJC_ROOT_CLASS = YES_ERROR;
				CLANG_WARN_RANGE_LOOP_ANALYSIS = YES;
				CLANG_WARN_STRICT_PROTOTYPES = YES;
				CLANG_WARN_SUSPICIOUS_MOVE = YES;
				CLANG_WARN_UNGUARDED_AVAILABILITY = YES_AGGRESSIVE;
				CLANG_WARN_UNREACHABLE_CODE = YES;
				CLANG_WARN__DUPLICATE_METHOD_MATCH = YES;
				COPY_PHASE_STRIP = NO;
				DEBUG_INFORMATION_FORMAT = "dwarf-with-dsym";
				ENABLE_NS_ASSERTIONS = NO;
				ENABLE_STRICT_OBJC_MSGSEND = YES;
				GCC_C_LANGUAGE_STANDARD = gnu11;
				GCC_NO_COMMON_BLOCKS = YES;
				GCC_WARN_64_TO_32_BIT_CONVERSION = YES;
				GCC_WARN_ABOUT_RETURN_TYPE = YES_ERROR;
				GCC_WARN_UNDECLARED_SELECTOR = YES;
				GCC_WARN_UNINITIALIZED_AUTOS = YES_AGGRESSIVE;
				GCC_WARN_UNUSED_FUNCTION = YES;
				GCC_WARN_UNUSED_VARIABLE = YES;
				IPHONEOS_DEPLOYMENT_TARGET = 13.4;
				MTL_ENABLE_DEBUG_INFO = NO;
				MTL_FAST_MATH = YES;
				SDKROOT = iphoneos;
				SWIFT_COMPILATION_MODE = wholemodule;
				SWIFT_OPTIMIZATION_LEVEL = "-O";
				VALIDATE_PRODUCT = YES;
			};
			name = Release;
		};
		C53AAC802464556300773F2E /* Debug */ = {
			isa = XCBuildConfiguration;
			baseConfigurationReference = B6C8DE7A279C392D04445548 /* Pods-NearBy.debug.xcconfig */;
			buildSettings = {
				ASSETCATALOG_COMPILER_APPICON_NAME = AppIcon;
				CODE_SIGN_STYLE = Automatic;
				DEVELOPMENT_TEAM = SABHXTBXAP;
				INFOPLIST_FILE = NearBy/Info.plist;
				LD_RUNPATH_SEARCH_PATHS = (
					"$(inherited)",
					"@executable_path/Frameworks",
				);
				PRODUCT_BUNDLE_IDENTIFIER = com.mohadkadib.NearBy;
				PRODUCT_NAME = "$(TARGET_NAME)";
				SWIFT_VERSION = 5.0;
				TARGETED_DEVICE_FAMILY = "1,2";
			};
			name = Debug;
		};
		C53AAC812464556300773F2E /* Release */ = {
			isa = XCBuildConfiguration;
			baseConfigurationReference = B8ECFF7FF29452348722C846 /* Pods-NearBy.release.xcconfig */;
			buildSettings = {
				ASSETCATALOG_COMPILER_APPICON_NAME = AppIcon;
				CODE_SIGN_STYLE = Automatic;
				DEVELOPMENT_TEAM = SABHXTBXAP;
				INFOPLIST_FILE = NearBy/Info.plist;
				LD_RUNPATH_SEARCH_PATHS = (
					"$(inherited)",
					"@executable_path/Frameworks",
				);
				PRODUCT_BUNDLE_IDENTIFIER = com.mohadkadib.NearBy;
				PRODUCT_NAME = "$(TARGET_NAME)";
				SWIFT_VERSION = 5.0;
				TARGETED_DEVICE_FAMILY = "1,2";
			};
			name = Release;
		};
/* End XCBuildConfiguration section */

/* Begin XCConfigurationList section */
		C53AAC662464556200773F2E /* Build configuration list for PBXProject "NearBy" */ = {
			isa = XCConfigurationList;
			buildConfigurations = (
				C53AAC7D2464556300773F2E /* Debug */,
				C53AAC7E2464556300773F2E /* Release */,
			);
			defaultConfigurationIsVisible = 0;
			defaultConfigurationName = Release;
		};
		C53AAC7F2464556300773F2E /* Build configuration list for PBXNativeTarget "NearBy" */ = {
			isa = XCConfigurationList;
			buildConfigurations = (
				C53AAC802464556300773F2E /* Debug */,
				C53AAC812464556300773F2E /* Release */,
			);
			defaultConfigurationIsVisible = 0;
			defaultConfigurationName = Release;
		};
/* End XCConfigurationList section */
	};
	rootObject = C53AAC632464556200773F2E /* Project object */;
}
